
Microsoft Visual Studio Solution File, Format Version 12.00
# Visual Studio Version 17
VisualStudioVersion = 17.4.33213.308
MinimumVisualStudioVersion = 10.0.40219.1
Project("{FAE04EC0-301F-11D3-BF4B-00C04F79EFBC}") = "learning machine learning", "learning machine learning\learning machine learning.csproj", "{6A61ABD0-3161-4B51-ADA8-9C585F2BA6F3}"
EndProject
Global
	GlobalSection(SolutionConfigurationPlatforms) = preSolution
		Debug|Any CPU = Debug|Any CPU
		Release|Any CPU = Release|Any CPU
	EndGlobalSection
	GlobalSection(ProjectConfigurationPlatforms) = postSolution
		{6A61ABD0-3161-4B51-ADA8-9C585F2BA6F3}.Debug|Any CPU.ActiveCfg = Debug|Any CPU
		{6A61ABD0-3161-4B51-ADA8-9C585F2BA6F3}.Debug|Any CPU.Build.0 = Debug|Any CPU
		{6A61ABD0-3161-4B51-ADA8-9C585F2BA6F3}.Release|Any CPU.ActiveCfg = Release|Any CPU
		{6A61ABD0-3161-4B51-ADA8-9C585F2BA6F3}.Release|Any CPU.Build.0 = Release|Any CPU
	EndGlobalSection
	GlobalSection(SolutionProperties) = preSolution
		HideSolutionNode = FALSE
	EndGlobalSection
	GlobalSection(ExtensibilityGlobals) = postSolution
		SolutionGuid = {BE5256AB-115C-44AB-A5C9-DEB24C4124EB}
	EndGlobalSection
EndGlobal
